// !$*UTF8*$!
{
	archiveVersion = 1;
	classes = {
	};
	objectVersion = 48;
	objects = {

/* Begin PBXBuildFile section */
		692DCC76206C828C008EFF63 /* GoogleService-Info.plist in Resources */ = {isa = PBXBuildFile; fileRef = 692DCC75206C828C008EFF63 /* GoogleService-Info.plist */; };
		698248D0206C330200271A3C /* AppDelegate.swift in Sources */ = {isa = PBXBuildFile; fileRef = 698248CF206C330200271A3C /* AppDelegate.swift */; };
		698248D2206C330200271A3C /* MasterViewController.swift in Sources */ = {isa = PBXBuildFile; fileRef = 698248D1206C330200271A3C /* MasterViewController.swift */; };
		698248D4206C330200271A3C /* DetailViewController.swift in Sources */ = {isa = PBXBuildFile; fileRef = 698248D3206C330200271A3C /* DetailViewController.swift */; };
		698248D7206C330200271A3C /* Main.storyboard in Resources */ = {isa = PBXBuildFile; fileRef = 698248D5206C330200271A3C /* Main.storyboard */; };
		698248D9206C330200271A3C /* Assets.xcassets in Resources */ = {isa = PBXBuildFile; fileRef = 698248D8206C330200271A3C /* Assets.xcassets */; };
		698248DC206C330200271A3C /* LaunchScreen.storyboard in Resources */ = {isa = PBXBuildFile; fileRef = 698248DA206C330200271A3C /* LaunchScreen.storyboard */; };
		698248E7206C330200271A3C /* PokemonDamageCalculatorTests.swift in Sources */ = {isa = PBXBuildFile; fileRef = 698248E6206C330200271A3C /* PokemonDamageCalculatorTests.swift */; };
		698248F2206C330200271A3C /* PokemonDamageCalculatorUITests.swift in Sources */ = {isa = PBXBuildFile; fileRef = 698248F1206C330200271A3C /* PokemonDamageCalculatorUITests.swift */; };
		69824901206C355000271A3C /* TableCellViewModel.swift in Sources */ = {isa = PBXBuildFile; fileRef = 69824900206C355000271A3C /* TableCellViewModel.swift */; };
		69824903206C355D00271A3C /* DetailViewModel.swift in Sources */ = {isa = PBXBuildFile; fileRef = 69824902206C355D00271A3C /* DetailViewModel.swift */; };
		69824905206C362200271A3C /* PokemonModels.swift in Sources */ = {isa = PBXBuildFile; fileRef = 69824904206C362200271A3C /* PokemonModels.swift */; };
		69B57604208108D100BF66C7 /* enums.swift in Sources */ = {isa = PBXBuildFile; fileRef = 69B57603208108D100BF66C7 /* enums.swift */; };
		69B576062081121C00BF66C7 /* SortController.swift in Sources */ = {isa = PBXBuildFile; fileRef = 69B576052081121C00BF66C7 /* SortController.swift */; };
		69B66B8A206C84A4007A0C8B /* AppServices.swift in Sources */ = {isa = PBXBuildFile; fileRef = 69B66B89206C84A4007A0C8B /* AppServices.swift */; };
		B0C782CACB853AD908DB8614 /* Pods_PokemonDamageCalculatorUITests.framework in Frameworks */ = {isa = PBXBuildFile; fileRef = 9CFA5541CB95BABC957E6C33 /* Pods_PokemonDamageCalculatorUITests.framework */; };
		D603A76BD72A313CBA29B611 /* Pods_PokemonDamageCalculatorTests.framework in Frameworks */ = {isa = PBXBuildFile; fileRef = 962FA6BA755E8256858ED421 /* Pods_PokemonDamageCalculatorTests.framework */; };
		E2DD3403D706D159A762C2D4 /* Pods_PokemonDamageCalculator.framework in Frameworks */ = {isa = PBXBuildFile; fileRef = 3D7B4A1A97321588EF274BB8 /* Pods_PokemonDamageCalculator.framework */; };
/* End PBXBuildFile section */

/* Begin PBXContainerItemProxy section */
		698248E3206C330200271A3C /* PBXContainerItemProxy */ = {
			isa = PBXContainerItemProxy;
			containerPortal = 698248C4206C330200271A3C /* Project object */;
			proxyType = 1;
			remoteGlobalIDString = 698248CB206C330200271A3C;
			remoteInfo = PokemonDamageCalculator;
		};
		698248EE206C330200271A3C /* PBXContainerItemProxy */ = {
			isa = PBXContainerItemProxy;
			containerPortal = 698248C4206C330200271A3C /* Project object */;
			proxyType = 1;
			remoteGlobalIDString = 698248CB206C330200271A3C;
			remoteInfo = PokemonDamageCalculator;
		};
/* End PBXContainerItemProxy section */

/* Begin PBXFileReference section */
		16E152FC694041AE51C20417 /* Pods-PokemonDamageCalculator.debug.xcconfig */ = {isa = PBXFileReference; includeInIndex = 1; lastKnownFileType = text.xcconfig; name = "Pods-PokemonDamageCalculator.debug.xcconfig"; path = "Pods/Target Support Files/Pods-PokemonDamageCalculator/Pods-PokemonDamageCalculator.debug.xcconfig"; sourceTree = "<group>"; };
		2584AC4C3BB1CFF0FBA59017 /* Pods-PokemonDamageCalculatorTests.release.xcconfig */ = {isa = PBXFileReference; includeInIndex = 1; lastKnownFileType = text.xcconfig; name = "Pods-PokemonDamageCalculatorTests.release.xcconfig"; path = "Pods/Target Support Files/Pods-PokemonDamageCalculatorTests/Pods-PokemonDamageCalculatorTests.release.xcconfig"; sourceTree = "<group>"; };
		3D7B4A1A97321588EF274BB8 /* Pods_PokemonDamageCalculator.framework */ = {isa = PBXFileReference; explicitFileType = wrapper.framework; includeInIndex = 0; path = Pods_PokemonDamageCalculator.framework; sourceTree = BUILT_PRODUCTS_DIR; };
		5D62B02693620B78FC85B512 /* Pods-PokemonDamageCalculator.release.xcconfig */ = {isa = PBXFileReference; includeInIndex = 1; lastKnownFileType = text.xcconfig; name = "Pods-PokemonDamageCalculator.release.xcconfig"; path = "Pods/Target Support Files/Pods-PokemonDamageCalculator/Pods-PokemonDamageCalculator.release.xcconfig"; sourceTree = "<group>"; };
		692DCC75206C828C008EFF63 /* GoogleService-Info.plist */ = {isa = PBXFileReference; fileEncoding = 4; lastKnownFileType = text.plist.xml; path = "GoogleService-Info.plist"; sourceTree = "<group>"; };
		698248CC206C330200271A3C /* PokemonDamageCalculator.app */ = {isa = PBXFileReference; explicitFileType = wrapper.application; includeInIndex = 0; path = PokemonDamageCalculator.app; sourceTree = BUILT_PRODUCTS_DIR; };
		698248CF206C330200271A3C /* AppDelegate.swift */ = {isa = PBXFileReference; lastKnownFileType = sourcecode.swift; path = AppDelegate.swift; sourceTree = "<group>"; };
		698248D1206C330200271A3C /* MasterViewController.swift */ = {isa = PBXFileReference; lastKnownFileType = sourcecode.swift; path = MasterViewController.swift; sourceTree = "<group>"; };
		698248D3206C330200271A3C /* DetailViewController.swift */ = {isa = PBXFileReference; lastKnownFileType = sourcecode.swift; path = DetailViewController.swift; sourceTree = "<group>"; };
		698248D6206C330200271A3C /* Base */ = {isa = PBXFileReference; lastKnownFileType = file.storyboard; name = Base; path = Base.lproj/Main.storyboard; sourceTree = "<group>"; };
		698248D8206C330200271A3C /* Assets.xcassets */ = {isa = PBXFileReference; lastKnownFileType = folder.assetcatalog; path = Assets.xcassets; sourceTree = "<group>"; };
		698248DB206C330200271A3C /* Base */ = {isa = PBXFileReference; lastKnownFileType = file.storyboard; name = Base; path = Base.lproj/LaunchScreen.storyboard; sourceTree = "<group>"; };
		698248DD206C330200271A3C /* Info.plist */ = {isa = PBXFileReference; lastKnownFileType = text.plist.xml; path = Info.plist; sourceTree = "<group>"; };
		698248E2206C330200271A3C /* PokemonDamageCalculatorTests.xctest */ = {isa = PBXFileReference; explicitFileType = wrapper.cfbundle; includeInIndex = 0; path = PokemonDamageCalculatorTests.xctest; sourceTree = BUILT_PRODUCTS_DIR; };
		698248E6206C330200271A3C /* PokemonDamageCalculatorTests.swift */ = {isa = PBXFileReference; lastKnownFileType = sourcecode.swift; path = PokemonDamageCalculatorTests.swift; sourceTree = "<group>"; };
		698248E8206C330200271A3C /* Info.plist */ = {isa = PBXFileReference; lastKnownFileType = text.plist.xml; path = Info.plist; sourceTree = "<group>"; };
		698248ED206C330200271A3C /* PokemonDamageCalculatorUITests.xctest */ = {isa = PBXFileReference; explicitFileType = wrapper.cfbundle; includeInIndex = 0; path = PokemonDamageCalculatorUITests.xctest; sourceTree = BUILT_PRODUCTS_DIR; };
		698248F1206C330200271A3C /* PokemonDamageCalculatorUITests.swift */ = {isa = PBXFileReference; lastKnownFileType = sourcecode.swift; path = PokemonDamageCalculatorUITests.swift; sourceTree = "<group>"; };
		698248F3206C330200271A3C /* Info.plist */ = {isa = PBXFileReference; lastKnownFileType = text.plist.xml; path = Info.plist; sourceTree = "<group>"; };
		69824900206C355000271A3C /* TableCellViewModel.swift */ = {isa = PBXFileReference; lastKnownFileType = sourcecode.swift; path = TableCellViewModel.swift; sourceTree = "<group>"; };
		69824902206C355D00271A3C /* DetailViewModel.swift */ = {isa = PBXFileReference; lastKnownFileType = sourcecode.swift; path = DetailViewModel.swift; sourceTree = "<group>"; };
		69824904206C362200271A3C /* PokemonModels.swift */ = {isa = PBXFileReference; lastKnownFileType = sourcecode.swift; path = PokemonModels.swift; sourceTree = "<group>"; };
		69B57603208108D100BF66C7 /* enums.swift */ = {isa = PBXFileReference; lastKnownFileType = sourcecode.swift; path = enums.swift; sourceTree = "<group>"; };
		69B576052081121C00BF66C7 /* SortController.swift */ = {isa = PBXFileReference; lastKnownFileType = sourcecode.swift; path = SortController.swift; sourceTree = "<group>"; };
		69B66B89206C84A4007A0C8B /* AppServices.swift */ = {isa = PBXFileReference; lastKnownFileType = sourcecode.swift; path = AppServices.swift; sourceTree = "<group>"; };
		6B520F2006EFFB75AD57A3DD /* Pods-PokemonDamageCalculatorUITests.release.xcconfig */ = {isa = PBXFileReference; includeInIndex = 1; lastKnownFileType = text.xcconfig; name = "Pods-PokemonDamageCalculatorUITests.release.xcconfig"; path = "Pods/Target Support Files/Pods-PokemonDamageCalculatorUITests/Pods-PokemonDamageCalculatorUITests.release.xcconfig"; sourceTree = "<group>"; };
		8DDAA70D921BB20A4F229105 /* Pods-PokemonDamageCalculatorTests.debug.xcconfig */ = {isa = PBXFileReference; includeInIndex = 1; lastKnownFileType = text.xcconfig; name = "Pods-PokemonDamageCalculatorTests.debug.xcconfig"; path = "Pods/Target Support Files/Pods-PokemonDamageCalculatorTests/Pods-PokemonDamageCalculatorTests.debug.xcconfig"; sourceTree = "<group>"; };
		962FA6BA755E8256858ED421 /* Pods_PokemonDamageCalculatorTests.framework */ = {isa = PBXFileReference; explicitFileType = wrapper.framework; includeInIndex = 0; path = Pods_PokemonDamageCalculatorTests.framework; sourceTree = BUILT_PRODUCTS_DIR; };
		9CFA5541CB95BABC957E6C33 /* Pods_PokemonDamageCalculatorUITests.framework */ = {isa = PBXFileReference; explicitFileType = wrapper.framework; includeInIndex = 0; path = Pods_PokemonDamageCalculatorUITests.framework; sourceTree = BUILT_PRODUCTS_DIR; };
		A424A588F4D2FFDD82C24A84 /* Pods-PokemonDamageCalculatorUITests.debug.xcconfig */ = {isa = PBXFileReference; includeInIndex = 1; lastKnownFileType = text.xcconfig; name = "Pods-PokemonDamageCalculatorUITests.debug.xcconfig"; path = "Pods/Target Support Files/Pods-PokemonDamageCalculatorUITests/Pods-PokemonDamageCalculatorUITests.debug.xcconfig"; sourceTree = "<group>"; };
/* End PBXFileReference section */

/* Begin PBXFrameworksBuildPhase section */
		698248C9206C330200271A3C /* Frameworks */ = {
			isa = PBXFrameworksBuildPhase;
			buildActionMask = 2147483647;
			files = (
				E2DD3403D706D159A762C2D4 /* Pods_PokemonDamageCalculator.framework in Frameworks */,
			);
			runOnlyForDeploymentPostprocessing = 0;
		};
		698248DF206C330200271A3C /* Frameworks */ = {
			isa = PBXFrameworksBuildPhase;
			buildActionMask = 2147483647;
			files = (
				D603A76BD72A313CBA29B611 /* Pods_PokemonDamageCalculatorTests.framework in Frameworks */,
			);
			runOnlyForDeploymentPostprocessing = 0;
		};
		698248EA206C330200271A3C /* Frameworks */ = {
			isa = PBXFrameworksBuildPhase;
			buildActionMask = 2147483647;
			files = (
				B0C782CACB853AD908DB8614 /* Pods_PokemonDamageCalculatorUITests.framework in Frameworks */,
			);
			runOnlyForDeploymentPostprocessing = 0;
		};
/* End PBXFrameworksBuildPhase section */

/* Begin PBXGroup section */
		419E0D95893C22AEB160028E /* Pods */ = {
			isa = PBXGroup;
			children = (
				16E152FC694041AE51C20417 /* Pods-PokemonDamageCalculator.debug.xcconfig */,
				5D62B02693620B78FC85B512 /* Pods-PokemonDamageCalculator.release.xcconfig */,
				8DDAA70D921BB20A4F229105 /* Pods-PokemonDamageCalculatorTests.debug.xcconfig */,
				2584AC4C3BB1CFF0FBA59017 /* Pods-PokemonDamageCalculatorTests.release.xcconfig */,
				A424A588F4D2FFDD82C24A84 /* Pods-PokemonDamageCalculatorUITests.debug.xcconfig */,
				6B520F2006EFFB75AD57A3DD /* Pods-PokemonDamageCalculatorUITests.release.xcconfig */,
			);
			name = Pods;
			sourceTree = "<group>";
		};
		698248C3206C330200271A3C = {
			isa = PBXGroup;
			children = (
				698248CE206C330200271A3C /* PokemonDamageCalculator */,
				698248E5206C330200271A3C /* PokemonDamageCalculatorTests */,
				698248F0206C330200271A3C /* PokemonDamageCalculatorUITests */,
				698248CD206C330200271A3C /* Products */,
				419E0D95893C22AEB160028E /* Pods */,
				A91A0CEC1104399A59B86F5F /* Frameworks */,
			);
			sourceTree = "<group>";
		};
		698248CD206C330200271A3C /* Products */ = {
			isa = PBXGroup;
			children = (
				698248CC206C330200271A3C /* PokemonDamageCalculator.app */,
				698248E2206C330200271A3C /* PokemonDamageCalculatorTests.xctest */,
				698248ED206C330200271A3C /* PokemonDamageCalculatorUITests.xctest */,
			);
			name = Products;
			sourceTree = "<group>";
		};
		698248CE206C330200271A3C /* PokemonDamageCalculator */ = {
			isa = PBXGroup;
			children = (
				698248D8206C330200271A3C /* Assets.xcassets */,
				698248FF206C34AC00271A3C /* Models */,
				698248CF206C330200271A3C /* AppDelegate.swift */,
				69B66B89206C84A4007A0C8B /* AppServices.swift */,
				698248D3206C330200271A3C /* DetailViewController.swift */,
				698248D1206C330200271A3C /* MasterViewController.swift */,
				698248D5206C330200271A3C /* Main.storyboard */,
				698248DA206C330200271A3C /* LaunchScreen.storyboard */,
				692DCC75206C828C008EFF63 /* GoogleService-Info.plist */,
				698248DD206C330200271A3C /* Info.plist */,
				69B57603208108D100BF66C7 /* enums.swift */,
				69B576052081121C00BF66C7 /* SortController.swift */,
			);
			path = PokemonDamageCalculator;
			sourceTree = "<group>";
		};
		698248E5206C330200271A3C /* PokemonDamageCalculatorTests */ = {
			isa = PBXGroup;
			children = (
				698248E6206C330200271A3C /* PokemonDamageCalculatorTests.swift */,
				698248E8206C330200271A3C /* Info.plist */,
			);
			path = PokemonDamageCalculatorTests;
			sourceTree = "<group>";
		};
		698248F0206C330200271A3C /* PokemonDamageCalculatorUITests */ = {
			isa = PBXGroup;
			children = (
				698248F1206C330200271A3C /* PokemonDamageCalculatorUITests.swift */,
				698248F3206C330200271A3C /* Info.plist */,
			);
			path = PokemonDamageCalculatorUITests;
			sourceTree = "<group>";
		};
		698248FF206C34AC00271A3C /* Models */ = {
			isa = PBXGroup;
			children = (
				69824900206C355000271A3C /* TableCellViewModel.swift */,
				69824902206C355D00271A3C /* DetailViewModel.swift */,
				69824904206C362200271A3C /* PokemonModels.swift */,
			);
			path = Models;
			sourceTree = "<group>";
		};
		A91A0CEC1104399A59B86F5F /* Frameworks */ = {
			isa = PBXGroup;
			children = (
				3D7B4A1A97321588EF274BB8 /* Pods_PokemonDamageCalculator.framework */,
				962FA6BA755E8256858ED421 /* Pods_PokemonDamageCalculatorTests.framework */,
				9CFA5541CB95BABC957E6C33 /* Pods_PokemonDamageCalculatorUITests.framework */,
			);
			name = Frameworks;
			sourceTree = "<group>";
		};
/* End PBXGroup section */

/* Begin PBXNativeTarget section */
		698248CB206C330200271A3C /* PokemonDamageCalculator */ = {
			isa = PBXNativeTarget;
			buildConfigurationList = 698248F6206C330200271A3C /* Build configuration list for PBXNativeTarget "PokemonDamageCalculator" */;
			buildPhases = (
				E2F83E21A696160B3A466AFB /* [CP] Check Pods Manifest.lock */,
				698248C8206C330200271A3C /* Sources */,
				698248C9206C330200271A3C /* Frameworks */,
				698248CA206C330200271A3C /* Resources */,
				B88D5F189999AD5C3EAC31B5 /* [CP] Embed Pods Frameworks */,
				19F6259E4781272EC4CFDEAD /* [CP] Copy Pods Resources */,
			);
			buildRules = (
			);
			dependencies = (
			);
			name = PokemonDamageCalculator;
			productName = PokemonDamageCalculator;
			productReference = 698248CC206C330200271A3C /* PokemonDamageCalculator.app */;
			productType = "com.apple.product-type.application";
		};
		698248E1206C330200271A3C /* PokemonDamageCalculatorTests */ = {
			isa = PBXNativeTarget;
			buildConfigurationList = 698248F9206C330200271A3C /* Build configuration list for PBXNativeTarget "PokemonDamageCalculatorTests" */;
			buildPhases = (
				30EF14C6D86CE8A37789BCC1 /* [CP] Check Pods Manifest.lock */,
				698248DE206C330200271A3C /* Sources */,
				698248DF206C330200271A3C /* Frameworks */,
				698248E0206C330200271A3C /* Resources */,
				69D74BAC0CAD892049B60DF2 /* [CP] Embed Pods Frameworks */,
				57FAF23ADACAA97C5C34D307 /* [CP] Copy Pods Resources */,
			);
			buildRules = (
			);
			dependencies = (
				698248E4206C330200271A3C /* PBXTargetDependency */,
			);
			name = PokemonDamageCalculatorTests;
			productName = PokemonDamageCalculatorTests;
			productReference = 698248E2206C330200271A3C /* PokemonDamageCalculatorTests.xctest */;
			productType = "com.apple.product-type.bundle.unit-test";
		};
		698248EC206C330200271A3C /* PokemonDamageCalculatorUITests */ = {
			isa = PBXNativeTarget;
			buildConfigurationList = 698248FC206C330200271A3C /* Build configuration list for PBXNativeTarget "PokemonDamageCalculatorUITests" */;
			buildPhases = (
				8AC0B3B354C75170429B12C9 /* [CP] Check Pods Manifest.lock */,
				698248E9206C330200271A3C /* Sources */,
				698248EA206C330200271A3C /* Frameworks */,
				698248EB206C330200271A3C /* Resources */,
				7332BCBF8D7E80D375BE7FEC /* [CP] Embed Pods Frameworks */,
				5B39B512B26693EE06DEE48A /* [CP] Copy Pods Resources */,
			);
			buildRules = (
			);
			dependencies = (
				698248EF206C330200271A3C /* PBXTargetDependency */,
			);
			name = PokemonDamageCalculatorUITests;
			productName = PokemonDamageCalculatorUITests;
			productReference = 698248ED206C330200271A3C /* PokemonDamageCalculatorUITests.xctest */;
			productType = "com.apple.product-type.bundle.ui-testing";
		};
/* End PBXNativeTarget section */

/* Begin PBXProject section */
		698248C4206C330200271A3C /* Project object */ = {
			isa = PBXProject;
			attributes = {
				LastSwiftUpdateCheck = 0920;
				LastUpgradeCheck = 0920;
				ORGANIZATIONNAME = SmallPlanetDigital;
				TargetAttributes = {
					698248CB206C330200271A3C = {
						CreatedOnToolsVersion = 9.2;
						ProvisioningStyle = Automatic;
					};
					698248E1206C330200271A3C = {
						CreatedOnToolsVersion = 9.2;
						ProvisioningStyle = Automatic;
						TestTargetID = 698248CB206C330200271A3C;
					};
					698248EC206C330200271A3C = {
						CreatedOnToolsVersion = 9.2;
						ProvisioningStyle = Automatic;
						TestTargetID = 698248CB206C330200271A3C;
					};
				};
			};
			buildConfigurationList = 698248C7206C330200271A3C /* Build configuration list for PBXProject "PokemonDamageCalculator" */;
			compatibilityVersion = "Xcode 8.0";
			developmentRegion = en;
			hasScannedForEncodings = 0;
			knownRegions = (
				en,
				Base,
			);
			mainGroup = 698248C3206C330200271A3C;
			productRefGroup = 698248CD206C330200271A3C /* Products */;
			projectDirPath = "";
			projectRoot = "";
			targets = (
				698248CB206C330200271A3C /* PokemonDamageCalculator */,
				698248E1206C330200271A3C /* PokemonDamageCalculatorTests */,
				698248EC206C330200271A3C /* PokemonDamageCalculatorUITests */,
			);
		};
/* End PBXProject section */

/* Begin PBXResourcesBuildPhase section */
		698248CA206C330200271A3C /* Resources */ = {
			isa = PBXResourcesBuildPhase;
			buildActionMask = 2147483647;
			files = (
				698248DC206C330200271A3C /* LaunchScreen.storyboard in Resources */,
				692DCC76206C828C008EFF63 /* GoogleService-Info.plist in Resources */,
				698248D9206C330200271A3C /* Assets.xcassets in Resources */,
				698248D7206C330200271A3C /* Main.storyboard in Resources */,
			);
			runOnlyForDeploymentPostprocessing = 0;
		};
		698248E0206C330200271A3C /* Resources */ = {
			isa = PBXResourcesBuildPhase;
			buildActionMask = 2147483647;
			files = (
			);
			runOnlyForDeploymentPostprocessing = 0;
		};
		698248EB206C330200271A3C /* Resources */ = {
			isa = PBXResourcesBuildPhase;
			buildActionMask = 2147483647;
			files = (
			);
			runOnlyForDeploymentPostprocessing = 0;
		};
/* End PBXResourcesBuildPhase section */

/* Begin PBXShellScriptBuildPhase section */
		19F6259E4781272EC4CFDEAD /* [CP] Copy Pods Resources */ = {
			isa = PBXShellScriptBuildPhase;
			buildActionMask = 2147483647;
			files = (
			);
			inputPaths = (
			);
			name = "[CP] Copy Pods Resources";
			outputPaths = (
			);
			runOnlyForDeploymentPostprocessing = 0;
			shellPath = /bin/sh;
			shellScript = "\"${SRCROOT}/Pods/Target Support Files/Pods-PokemonDamageCalculator/Pods-PokemonDamageCalculator-resources.sh\"\n";
			showEnvVarsInLog = 0;
		};
		30EF14C6D86CE8A37789BCC1 /* [CP] Check Pods Manifest.lock */ = {
			isa = PBXShellScriptBuildPhase;
			buildActionMask = 2147483647;
			files = (
			);
			inputPaths = (
				"${PODS_PODFILE_DIR_PATH}/Podfile.lock",
				"${PODS_ROOT}/Manifest.lock",
			);
			name = "[CP] Check Pods Manifest.lock";
			outputPaths = (
				"$(DERIVED_FILE_DIR)/Pods-PokemonDamageCalculatorTests-checkManifestLockResult.txt",
			);
			runOnlyForDeploymentPostprocessing = 0;
			shellPath = /bin/sh;
			shellScript = "diff \"${PODS_PODFILE_DIR_PATH}/Podfile.lock\" \"${PODS_ROOT}/Manifest.lock\" > /dev/null\nif [ $? != 0 ] ; then\n    # print error to STDERR\n    echo \"error: The sandbox is not in sync with the Podfile.lock. Run 'pod install' or update your CocoaPods installation.\" >&2\n    exit 1\nfi\n# This output is used by Xcode 'outputs' to avoid re-running this script phase.\necho \"SUCCESS\" > \"${SCRIPT_OUTPUT_FILE_0}\"\n";
			showEnvVarsInLog = 0;
		};
		57FAF23ADACAA97C5C34D307 /* [CP] Copy Pods Resources */ = {
			isa = PBXShellScriptBuildPhase;
			buildActionMask = 2147483647;
			files = (
			);
			inputPaths = (
			);
			name = "[CP] Copy Pods Resources";
			outputPaths = (
			);
			runOnlyForDeploymentPostprocessing = 0;
			shellPath = /bin/sh;
			shellScript = "\"${SRCROOT}/Pods/Target Support Files/Pods-PokemonDamageCalculatorTests/Pods-PokemonDamageCalculatorTests-resources.sh\"\n";
			showEnvVarsInLog = 0;
		};
		5B39B512B26693EE06DEE48A /* [CP] Copy Pods Resources */ = {
			isa = PBXShellScriptBuildPhase;
			buildActionMask = 2147483647;
			files = (
			);
			inputPaths = (
			);
			name = "[CP] Copy Pods Resources";
			outputPaths = (
			);
			runOnlyForDeploymentPostprocessing = 0;
			shellPath = /bin/sh;
			shellScript = "\"${SRCROOT}/Pods/Target Support Files/Pods-PokemonDamageCalculatorUITests/Pods-PokemonDamageCalculatorUITests-resources.sh\"\n";
			showEnvVarsInLog = 0;
		};
		69D74BAC0CAD892049B60DF2 /* [CP] Embed Pods Frameworks */ = {
			isa = PBXShellScriptBuildPhase;
			buildActionMask = 2147483647;
			files = (
			);
			inputPaths = (
			);
			name = "[CP] Embed Pods Frameworks";
			outputPaths = (
			);
			runOnlyForDeploymentPostprocessing = 0;
			shellPath = /bin/sh;
			shellScript = "\"${SRCROOT}/Pods/Target Support Files/Pods-PokemonDamageCalculatorTests/Pods-PokemonDamageCalculatorTests-frameworks.sh\"\n";
			showEnvVarsInLog = 0;
		};
		7332BCBF8D7E80D375BE7FEC /* [CP] Embed Pods Frameworks */ = {
			isa = PBXShellScriptBuildPhase;
			buildActionMask = 2147483647;
			files = (
			);
			inputPaths = (
			);
			name = "[CP] Embed Pods Frameworks";
			outputPaths = (
			);
			runOnlyForDeploymentPostprocessing = 0;
			shellPath = /bin/sh;
			shellScript = "\"${SRCROOT}/Pods/Target Support Files/Pods-PokemonDamageCalculatorUITests/Pods-PokemonDamageCalculatorUITests-frameworks.sh\"\n";
			showEnvVarsInLog = 0;
		};
		8AC0B3B354C75170429B12C9 /* [CP] Check Pods Manifest.lock */ = {
			isa = PBXShellScriptBuildPhase;
			buildActionMask = 2147483647;
			files = (
			);
			inputPaths = (
				"${PODS_PODFILE_DIR_PATH}/Podfile.lock",
				"${PODS_ROOT}/Manifest.lock",
			);
			name = "[CP] Check Pods Manifest.lock";
			outputPaths = (
				"$(DERIVED_FILE_DIR)/Pods-PokemonDamageCalculatorUITests-checkManifestLockResult.txt",
			);
			runOnlyForDeploymentPostprocessing = 0;
			shellPath = /bin/sh;
			shellScript = "diff \"${PODS_PODFILE_DIR_PATH}/Podfile.lock\" \"${PODS_ROOT}/Manifest.lock\" > /dev/null\nif [ $? != 0 ] ; then\n    # print error to STDERR\n    echo \"error: The sandbox is not in sync with the Podfile.lock. Run 'pod install' or update your CocoaPods installation.\" >&2\n    exit 1\nfi\n# This output is used by Xcode 'outputs' to avoid re-running this script phase.\necho \"SUCCESS\" > \"${SCRIPT_OUTPUT_FILE_0}\"\n";
			showEnvVarsInLog = 0;
		};
		B88D5F189999AD5C3EAC31B5 /* [CP] Embed Pods Frameworks */ = {
			isa = PBXShellScriptBuildPhase;
			buildActionMask = 2147483647;
			files = (
			);
			inputPaths = (
				"${SRCROOT}/Pods/Target Support Files/Pods-PokemonDamageCalculator/Pods-PokemonDamageCalculator-frameworks.sh",
				"${BUILT_PRODUCTS_DIR}/BoringSSL/openssl.framework",
				"${BUILT_PRODUCTS_DIR}/GTMSessionFetcher/GTMSessionFetcher.framework",
				"${BUILT_PRODUCTS_DIR}/GoogleToolboxForMac/GoogleToolboxForMac.framework",
				"${BUILT_PRODUCTS_DIR}/Protobuf/Protobuf.framework",
				"${BUILT_PRODUCTS_DIR}/gRPC/GRPCClient.framework",
				"${BUILT_PRODUCTS_DIR}/gRPC-Core/grpc.framework",
				"${BUILT_PRODUCTS_DIR}/gRPC-ProtoRPC/ProtoRPC.framework",
				"${BUILT_PRODUCTS_DIR}/gRPC-RxLibrary/RxLibrary.framework",
				"${BUILT_PRODUCTS_DIR}/leveldb-library/leveldb.framework",
				"${BUILT_PRODUCTS_DIR}/nanopb/nanopb.framework",
			);
			name = "[CP] Embed Pods Frameworks";
			outputPaths = (
				"${TARGET_BUILD_DIR}/${FRAMEWORKS_FOLDER_PATH}/openssl.framework",
				"${TARGET_BUILD_DIR}/${FRAMEWORKS_FOLDER_PATH}/GTMSessionFetcher.framework",
				"${TARGET_BUILD_DIR}/${FRAMEWORKS_FOLDER_PATH}/GoogleToolboxForMac.framework",
				"${TARGET_BUILD_DIR}/${FRAMEWORKS_FOLDER_PATH}/Protobuf.framework",
				"${TARGET_BUILD_DIR}/${FRAMEWORKS_FOLDER_PATH}/GRPCClient.framework",
				"${TARGET_BUILD_DIR}/${FRAMEWORKS_FOLDER_PATH}/grpc.framework",
				"${TARGET_BUILD_DIR}/${FRAMEWORKS_FOLDER_PATH}/ProtoRPC.framework",
				"${TARGET_BUILD_DIR}/${FRAMEWORKS_FOLDER_PATH}/RxLibrary.framework",
				"${TARGET_BUILD_DIR}/${FRAMEWORKS_FOLDER_PATH}/leveldb.framework",
				"${TARGET_BUILD_DIR}/${FRAMEWORKS_FOLDER_PATH}/nanopb.framework",
			);
			runOnlyForDeploymentPostprocessing = 0;
			shellPath = /bin/sh;
			shellScript = "\"${SRCROOT}/Pods/Target Support Files/Pods-PokemonDamageCalculator/Pods-PokemonDamageCalculator-frameworks.sh\"\n";
			showEnvVarsInLog = 0;
		};
		E2F83E21A696160B3A466AFB /* [CP] Check Pods Manifest.lock */ = {
			isa = PBXShellScriptBuildPhase;
			buildActionMask = 2147483647;
			files = (
			);
			inputPaths = (
				"${PODS_PODFILE_DIR_PATH}/Podfile.lock",
				"${PODS_ROOT}/Manifest.lock",
			);
			name = "[CP] Check Pods Manifest.lock";
			outputPaths = (
				"$(DERIVED_FILE_DIR)/Pods-PokemonDamageCalculator-checkManifestLockResult.txt",
			);
			runOnlyForDeploymentPostprocessing = 0;
			shellPath = /bin/sh;
			shellScript = "diff \"${PODS_PODFILE_DIR_PATH}/Podfile.lock\" \"${PODS_ROOT}/Manifest.lock\" > /dev/null\nif [ $? != 0 ] ; then\n    # print error to STDERR\n    echo \"error: The sandbox is not in sync with the Podfile.lock. Run 'pod install' or update your CocoaPods installation.\" >&2\n    exit 1\nfi\n# This output is used by Xcode 'outputs' to avoid re-running this script phase.\necho \"SUCCESS\" > \"${SCRIPT_OUTPUT_FILE_0}\"\n";
			showEnvVarsInLog = 0;
		};
/* End PBXShellScriptBuildPhase section */

/* Begin PBXSourcesBuildPhase section */
		698248C8206C330200271A3C /* Sources */ = {
			isa = PBXSourcesBuildPhase;
			buildActionMask = 2147483647;
			files = (
				69B576062081121C00BF66C7 /* SortController.swift in Sources */,
				69824901206C355000271A3C /* TableCellViewModel.swift in Sources */,
				69824905206C362200271A3C /* PokemonModels.swift in Sources */,
				69B66B8A206C84A4007A0C8B /* AppServices.swift in Sources */,
				69824903206C355D00271A3C /* DetailViewModel.swift in Sources */,
				698248D4206C330200271A3C /* DetailViewController.swift in Sources */,
				698248D2206C330200271A3C /* MasterViewController.swift in Sources */,
				69B57604208108D100BF66C7 /* enums.swift in Sources */,
				698248D0206C330200271A3C /* AppDelegate.swift in Sources */,
			);
			runOnlyForDeploymentPostprocessing = 0;
		};
		698248DE206C330200271A3C /* Sources */ = {
			isa = PBXSourcesBuildPhase;
			buildActionMask = 2147483647;
			files = (
				698248E7206C330200271A3C /* PokemonDamageCalculatorTests.swift in Sources */,
			);
			runOnlyForDeploymentPostprocessing = 0;
		};
		698248E9206C330200271A3C /* Sources */ = {
			isa = PBXSourcesBuildPhase;
			buildActionMask = 2147483647;
			files = (
				698248F2206C330200271A3C /* PokemonDamageCalculatorUITests.swift in Sources */,
			);
			runOnlyForDeploymentPostprocessing = 0;
		};
/* End PBXSourcesBuildPhase section */

/* Begin PBXTargetDependency section */
		698248E4206C330200271A3C /* PBXTargetDependency */ = {
			isa = PBXTargetDependency;
			target = 698248CB206C330200271A3C /* PokemonDamageCalculator */;
			targetProxy = 698248E3206C330200271A3C /* PBXContainerItemProxy */;
		};
		698248EF206C330200271A3C /* PBXTargetDependency */ = {
			isa = PBXTargetDependency;
			target = 698248CB206C330200271A3C /* PokemonDamageCalculator */;
			targetProxy = 698248EE206C330200271A3C /* PBXContainerItemProxy */;
		};
/* End PBXTargetDependency section */

/* Begin PBXVariantGroup section */
		698248D5206C330200271A3C /* Main.storyboard */ = {
			isa = PBXVariantGroup;
			children = (
				698248D6206C330200271A3C /* Base */,
			);
			name = Main.storyboard;
			sourceTree = "<group>";
		};
		698248DA206C330200271A3C /* LaunchScreen.storyboard */ = {
			isa = PBXVariantGroup;
			children = (
				698248DB206C330200271A3C /* Base */,
			);
			name = LaunchScreen.storyboard;
			sourceTree = "<group>";
		};
/* End PBXVariantGroup section */

/* Begin XCBuildConfiguration section */
		698248F4206C330200271A3C /* Debug */ = {
			isa = XCBuildConfiguration;
			buildSettings = {
				ALWAYS_SEARCH_USER_PATHS = NO;
				CLANG_ANALYZER_NONNULL = YES;
				CLANG_ANALYZER_NUMBER_OBJECT_CONVERSION = YES_AGGRESSIVE;
				CLANG_CXX_LANGUAGE_STANDARD = "gnu++14";
				CLANG_CXX_LIBRARY = "libc++";
				CLANG_ENABLE_MODULES = YES;
				CLANG_ENABLE_OBJC_ARC = YES;
				CLANG_WARN_BLOCK_CAPTURE_AUTORELEASING = YES;
				CLANG_WARN_BOOL_CONVERSION = YES;
				CLANG_WARN_COMMA = YES;
				CLANG_WARN_CONSTANT_CONVERSION = YES;
				CLANG_WARN_DIRECT_OBJC_ISA_USAGE = YES_ERROR;
				CLANG_WARN_DOCUMENTATION_COMMENTS = YES;
				CLANG_WARN_EMPTY_BODY = YES;
				CLANG_WARN_ENUM_CONVERSION = YES;
				CLANG_WARN_INFINITE_RECURSION = YES;
				CLANG_WARN_INT_CONVERSION = YES;
				CLANG_WARN_NON_LITERAL_NULL_CONVERSION = YES;
				CLANG_WARN_OBJC_LITERAL_CONVERSION = YES;
				CLANG_WARN_OBJC_ROOT_CLASS = YES_ERROR;
				CLANG_WARN_RANGE_LOOP_ANALYSIS = YES;
				CLANG_WARN_STRICT_PROTOTYPES = YES;
				CLANG_WARN_SUSPICIOUS_MOVE = YES;
				CLANG_WARN_UNGUARDED_AVAILABILITY = YES_AGGRESSIVE;
				CLANG_WARN_UNREACHABLE_CODE = YES;
				CLANG_WARN__DUPLICATE_METHOD_MATCH = YES;
				CODE_SIGN_IDENTITY = "iPhone Developer";
				COPY_PHASE_STRIP = NO;
				DEBUG_INFORMATION_FORMAT = dwarf;
				ENABLE_STRICT_OBJC_MSGSEND = YES;
				ENABLE_TESTABILITY = YES;
				GCC_C_LANGUAGE_STANDARD = gnu11;
				GCC_DYNAMIC_NO_PIC = NO;
				GCC_NO_COMMON_BLOCKS = YES;
				GCC_OPTIMIZATION_LEVEL = 0;
				GCC_PREPROCESSOR_DEFINITIONS = (
					"DEBUG=1",
					"$(inherited)",
				);
				GCC_WARN_64_TO_32_BIT_CONVERSION = YES;
				GCC_WARN_ABOUT_RETURN_TYPE = YES_ERROR;
				GCC_WARN_UNDECLARED_SELECTOR = YES;
				GCC_WARN_UNINITIALIZED_AUTOS = YES_AGGRESSIVE;
				GCC_WARN_UNUSED_FUNCTION = YES;
				GCC_WARN_UNUSED_VARIABLE = YES;
				IPHONEOS_DEPLOYMENT_TARGET = 11.2;
				MTL_ENABLE_DEBUG_INFO = YES;
				ONLY_ACTIVE_ARCH = YES;
				SDKROOT = iphoneos;
				SWIFT_ACTIVE_COMPILATION_CONDITIONS = DEBUG;
				SWIFT_OPTIMIZATION_LEVEL = "-Onone";
			};
			name = Debug;
		};
		698248F5206C330200271A3C /* Release */ = {
			isa = XCBuildConfiguration;
			buildSettings = {
				ALWAYS_SEARCH_USER_PATHS = NO;
				CLANG_ANALYZER_NONNULL = YES;
				CLANG_ANALYZER_NUMBER_OBJECT_CONVERSION = YES_AGGRESSIVE;
				CLANG_CXX_LANGUAGE_STANDARD = "gnu++14";
				CLANG_CXX_LIBRARY = "libc++";
				CLANG_ENABLE_MODULES = YES;
				CLANG_ENABLE_OBJC_ARC = YES;
				CLANG_WARN_BLOCK_CAPTURE_AUTORELEASING = YES;
				CLANG_WARN_BOOL_CONVERSION = YES;
				CLANG_WARN_COMMA = YES;
				CLANG_WARN_CONSTANT_CONVERSION = YES;
				CLANG_WARN_DIRECT_OBJC_ISA_USAGE = YES_ERROR;
				CLANG_WARN_DOCUMENTATION_COMMENTS = YES;
				CLANG_WARN_EMPTY_BODY = YES;
				CLANG_WARN_ENUM_CONVERSION = YES;
				CLANG_WARN_INFINITE_RECURSION = YES;
				CLANG_WARN_INT_CONVERSION = YES;
				CLANG_WARN_NON_LITERAL_NULL_CONVERSION = YES;
				CLANG_WARN_OBJC_LITERAL_CONVERSION = YES;
				CLANG_WARN_OBJC_ROOT_CLASS = YES_ERROR;
				CLANG_WARN_RANGE_LOOP_ANALYSIS = YES;
				CLANG_WARN_STRICT_PROTOTYPES = YES;
				CLANG_WARN_SUSPICIOUS_MOVE = YES;
				CLANG_WARN_UNGUARDED_AVAILABILITY = YES_AGGRESSIVE;
				CLANG_WARN_UNREACHABLE_CODE = YES;
				CLANG_WARN__DUPLICATE_METHOD_MATCH = YES;
				CODE_SIGN_IDENTITY = "iPhone Developer";
				COPY_PHASE_STRIP = NO;
				DEBUG_INFORMATION_FORMAT = "dwarf-with-dsym";
				ENABLE_NS_ASSERTIONS = NO;
				ENABLE_STRICT_OBJC_MSGSEND = YES;
				GCC_C_LANGUAGE_STANDARD = gnu11;
				GCC_NO_COMMON_BLOCKS = YES;
				GCC_WARN_64_TO_32_BIT_CONVERSION = YES;
				GCC_WARN_ABOUT_RETURN_TYPE = YES_ERROR;
				GCC_WARN_UNDECLARED_SELECTOR = YES;
				GCC_WARN_UNINITIALIZED_AUTOS = YES_AGGRESSIVE;
				GCC_WARN_UNUSED_FUNCTION = YES;
				GCC_WARN_UNUSED_VARIABLE = YES;
				IPHONEOS_DEPLOYMENT_TARGET = 11.2;
				MTL_ENABLE_DEBUG_INFO = NO;
				SDKROOT = iphoneos;
				SWIFT_OPTIMIZATION_LEVEL = "-Owholemodule";
				VALIDATE_PRODUCT = YES;
			};
			name = Release;
		};
		698248F7206C330200271A3C /* Debug */ = {
			isa = XCBuildConfiguration;
			baseConfigurationReference = 16E152FC694041AE51C20417 /* Pods-PokemonDamageCalculator.debug.xcconfig */;
			buildSettings = {
				ASSETCATALOG_COMPILER_APPICON_NAME = AppIcon;
				CODE_SIGN_STYLE = Automatic;
				DEVELOPMENT_TEAM = 4WR66L3TZA;
				INFOPLIST_FILE = PokemonDamageCalculator/Info.plist;
				LD_RUNPATH_SEARCH_PATHS = "$(inherited) @executable_path/Frameworks";
				PRODUCT_BUNDLE_IDENTIFIER = com.smallplanet.PokemonDamageCalculator;
				PRODUCT_NAME = "$(TARGET_NAME)";
				SWIFT_VERSION = 4.0;
				TARGETED_DEVICE_FAMILY = "1,2";
			};
			name = Debug;
		};
		698248F8206C330200271A3C /* Release */ = {
			isa = XCBuildConfiguration;
			baseConfigurationReference = 5D62B02693620B78FC85B512 /* Pods-PokemonDamageCalculator.release.xcconfig */;
			buildSettings = {
				ASSETCATALOG_COMPILER_APPICON_NAME = AppIcon;
				CODE_SIGN_STYLE = Automatic;
				DEVELOPMENT_TEAM = 4WR66L3TZA;
				INFOPLIST_FILE = PokemonDamageCalculator/Info.plist;
				LD_RUNPATH_SEARCH_PATHS = "$(inherited) @executable_path/Frameworks";
				PRODUCT_BUNDLE_IDENTIFIER = com.smallplanet.PokemonDamageCalculator;
				PRODUCT_NAME = "$(TARGET_NAME)";
				SWIFT_VERSION = 4.0;
				TARGETED_DEVICE_FAMILY = "1,2";
			};
			name = Release;
		};
		698248FA206C330200271A3C /* Debug */ = {
			isa = XCBuildConfiguration;
			baseConfigurationReference = 8DDAA70D921BB20A4F229105 /* Pods-PokemonDamageCalculatorTests.debug.xcconfig */;
			buildSettings = {
				ALWAYS_EMBED_SWIFT_STANDARD_LIBRARIES = YES;
				BUNDLE_LOADER = "$(TEST_HOST)";
				CODE_SIGN_STYLE = Automatic;
				DEVELOPMENT_TEAM = 4WR66L3TZA;
				INFOPLIST_FILE = PokemonDamageCalculatorTests/Info.plist;
				LD_RUNPATH_SEARCH_PATHS = "$(inherited) @executable_path/Frameworks @loader_path/Frameworks";
				PRODUCT_BUNDLE_IDENTIFIER = com.smallplanet.PokemonDamageCalculatorTests;
				PRODUCT_NAME = "$(TARGET_NAME)";
				SWIFT_VERSION = 4.0;
				TARGETED_DEVICE_FAMILY = "1,2";
				TEST_HOST = "$(BUILT_PRODUCTS_DIR)/PokemonDamageCalculator.app/PokemonDamageCalculator";
			};
			name = Debug;
		};
		698248FB206C330200271A3C /* Release */ = {
			isa = XCBuildConfiguration;
			baseConfigurationReference = 2584AC4C3BB1CFF0FBA59017 /* Pods-PokemonDamageCalculatorTests.release.xcconfig */;
			buildSettings = {
				ALWAYS_EMBED_SWIFT_STANDARD_LIBRARIES = YES;
				BUNDLE_LOADER = "$(TEST_HOST)";
				CODE_SIGN_STYLE = Automatic;
				DEVELOPMENT_TEAM = 4WR66L3TZA;
				INFOPLIST_FILE = PokemonDamageCalculatorTests/Info.plist;
				LD_RUNPATH_SEARCH_PATHS = "$(inherited) @executable_path/Frameworks @loader_path/Frameworks";
				PRODUCT_BUNDLE_IDENTIFIER = com.smallplanet.PokemonDamageCalculatorTests;
				PRODUCT_NAME = "$(TARGET_NAME)";
				SWIFT_VERSION = 4.0;
				TARGETED_DEVICE_FAMILY = "1,2";
				TEST_HOST = "$(BUILT_PRODUCTS_DIR)/PokemonDamageCalculator.app/PokemonDamageCalculator";
			};
			name = Release;
		};
		698248FD206C330200271A3C /* Debug */ = {
			isa = XCBuildConfiguration;
			baseConfigurationReference = A424A588F4D2FFDD82C24A84 /* Pods-PokemonDamageCalculatorUITests.debug.xcconfig */;
			buildSettings = {
				ALWAYS_EMBED_SWIFT_STANDARD_LIBRARIES = YES;
				CODE_SIGN_STYLE = Automatic;
				DEVELOPMENT_TEAM = 4WR66L3TZA;
				INFOPLIST_FILE = PokemonDamageCalculatorUITests/Info.plist;
				LD_RUNPATH_SEARCH_PATHS = "$(inherited) @executable_path/Frameworks @loader_path/Frameworks";
				PRODUCT_BUNDLE_IDENTIFIER = com.smallplanet.PokemonDamageCalculatorUITests;
				PRODUCT_NAME = "$(TARGET_NAME)";
				SWIFT_VERSION = 4.0;
				TARGETED_DEVICE_FAMILY = "1,2";
				TEST_TARGET_NAME = PokemonDamageCalculator;
			};
			name = Debug;
		};
		698248FE206C330200271A3C /* Release */ = {
			isa = XCBuildConfiguration;
			baseConfigurationReference = 6B520F2006EFFB75AD57A3DD /* Pods-PokemonDamageCalculatorUITests.release.xcconfig */;
			buildSettings = {
				ALWAYS_EMBED_SWIFT_STANDARD_LIBRARIES = YES;
				CODE_SIGN_STYLE = Automatic;
				DEVELOPMENT_TEAM = 4WR66L3TZA;
				INFOPLIST_FILE = PokemonDamageCalculatorUITests/Info.plist;
				LD_RUNPATH_SEARCH_PATHS = "$(inherited) @executable_path/Frameworks @loader_path/Frameworks";
				PRODUCT_BUNDLE_IDENTIFIER = com.smallplanet.PokemonDamageCalculatorUITests;
				PRODUCT_NAME = "$(TARGET_NAME)";
				SWIFT_VERSION = 4.0;
				TARGETED_DEVICE_FAMILY = "1,2";
				TEST_TARGET_NAME = PokemonDamageCalculator;
			};
			name = Release;
		};
/* End XCBuildConfiguration section */

/* Begin XCConfigurationList section */
		698248C7206C330200271A3C /* Build configuration list for PBXProject "PokemonDamageCalculator" */ = {
			isa = XCConfigurationList;
			buildConfigurations = (
				698248F4206C330200271A3C /* Debug */,
				698248F5206C330200271A3C /* Release */,
			);
			defaultConfigurationIsVisible = 0;
			defaultConfigurationName = Release;
		};
		698248F6206C330200271A3C /* Build configuration list for PBXNativeTarget "PokemonDamageCalculator" */ = {
			isa = XCConfigurationList;
			buildConfigurations = (
				698248F7206C330200271A3C /* Debug */,
				698248F8206C330200271A3C /* Release */,
			);
			defaultConfigurationIsVisible = 0;
			defaultConfigurationName = Release;
		};
		698248F9206C330200271A3C /* Build configuration list for PBXNativeTarget "PokemonDamageCalculatorTests" */ = {
			isa = XCConfigurationList;
			buildConfigurations = (
				698248FA206C330200271A3C /* Debug */,
				698248FB206C330200271A3C /* Release */,
			);
			defaultConfigurationIsVisible = 0;
			defaultConfigurationName = Release;
		};
		698248FC206C330200271A3C /* Build configuration list for PBXNativeTarget "PokemonDamageCalculatorUITests" */ = {
			isa = XCConfigurationList;
			buildConfigurations = (
				698248FD206C330200271A3C /* Debug */,
				698248FE206C330200271A3C /* Release */,
			);
			defaultConfigurationIsVisible = 0;
			defaultConfigurationName = Release;
		};
/* End XCConfigurationList section */
	};
	rootObject = 698248C4206C330200271A3C /* Project object */;
}
